# This file is autogenerated, do not edit; changes may be undone by the next 'dep ensure'.


[[projects]]
  digest = "1:ffe9824d294da03b391f44e1ae8281281b4afc1bdaa9588c9097785e3af10cec"
  name = "github.com/davecgh/go-spew"
  packages = ["spew"]
  pruneopts = "UT"
  revision = "8991bc29aa16c548c550c7ff78260e27b9ab7c73"
  version = "v1.1.1"

[[projects]]
  digest = "1:0cff759894e908ac95941c2a5ead2ce528f29bed9e7d229ade6c7761c77333a9"
  name = "github.com/golang/protobuf"
  packages = [
    "proto",
    "ptypes",
    "ptypes/any",
    "ptypes/duration",
    "ptypes/empty",
    "ptypes/timestamp",
  ]
  pruneopts = "UT"
  revision = "4846b58453b3708320bdb524f25cc5a1d9cda4d4"
  version = "v1.4.3"

[[projects]]
  branch = "master"
  digest = "1:67ddfb8b1331f1a7c3db6b7e9eb5d76740ed336ccd630963ebdc1067aac2dad1"
  name = "github.com/hyperledger/fabric-chaincode-go"
  packages = [
    "shim",
    "shim/internal",
    "shimtest",
  ]
  pruneopts = "UT"
  revision = "9b3ae92d8664f398fe9846561fafde44864d55e3"

[[projects]]
  branch = "master"
  digest = "1:89d0a25aefd6ff39ee85aec51fda62f2fe5df600bd2fba70acbc646c3eb507ba"
  name = "github.com/hyperledger/fabric-protos-go"
  packages = [
    "common",
    "ledger/queryresult",
    "ledger/rwset",
    "msp",
    "peer",
  ]
  pruneopts = "UT"
  revision = "a3136dde23548471516ec3eb360e23985d6ebe45"

[[projects]]
  digest = "1:0028cb19b2e4c3112225cd871870f2d9cf49b9b4276531f03438a88e94be86fe"
  name = "github.com/pmezard/go-difflib"
  packages = ["difflib"]
  pruneopts = "UT"
  revision = "792786c7400a136282c1664665ae0a8db921c6c2"
  version = "v1.0.0"

[[projects]]
  digest = "1:1760ee71834b3d0c59ffb6e0f9444fb68aec64bd6630b99b349fb111f74022fa"
  name = "github.com/sirupsen/logrus"
  packages = ["."]
  pruneopts = "UT"
  revision = "6699a89a232f3db797f2e280639854bbc4b89725"
  version = "v1.7.0"

[[projects]]
  digest = "1:2c8bb9a0858e2ab458c1641345b6eaa3754b7ae453f8d30b15701f8b12b7ead7"
  name = "github.com/stretchr/testify"
  packages = ["assert"]
  pruneopts = "UT"
  revision = "f654a9112bbeac49ca2cd45bfbe11533c4666cf8"
  version = "v1.6.1"

[[projects]]
  branch = "master"
  digest = "1:5cdf4eb6946922ebe638b90e548e1a86085b778d9daf0889951b39f44e6bbe6c"
  name = "golang.org/x/crypto"
  packages = [
    "ed25519",
    "ed25519/internal/edwards25519",
    "pbkdf2",
  ]
  pruneopts = "UT"
  revision = "4be66e5b658251a93e17d931a68d9c0ecba9f83a"

[[projects]]
  branch = "master"
  digest = "1:74dd8d3df2a30e74bb8e73a4dcc280550d117163da4da6e4bd30814704a7c4c1"
  name = "golang.org/x/net"
  packages = [
    "http/httpguts",
    "http2",
    "http2/hpack",
    "idna",
    "internal/timeseries",
    "trace",
  ]
  pruneopts = "UT"
  revision = "69a78807bb2bb6d1599c68698c6b009505012083"

[[projects]]
  branch = "master"
  digest = "1:18ea469347153b8377531800cc52d0b8374c45cd9c87c25aba9595af80b7bf34"
  name = "golang.org/x/sys"
  packages = [
    "internal/unsafeheader",
    "unix",
    "windows",
  ]
  pruneopts = "UT"
  revision = "cc9327a14d48c2941d21731354f4e1eabfd239f7"

[[projects]]
  digest = "1:a45009ae1e0da0b589cd5da9f30770041573e61f2f79fb3e86aa3790d5c495c4"
  name = "golang.org/x/text"
  packages = [
    "collate",
    "collate/build",
    "internal/colltab",
    "internal/gen",
    "internal/language",
    "internal/language/compact",
    "internal/tag",
    "internal/triegen",
    "internal/ucd",
    "language",
    "secure/bidirule",
    "transform",
    "unicode/bidi",
    "unicode/cldr",
    "unicode/norm",
    "unicode/rangetable",
  ]
  pruneopts = "UT"
  revision = "22f1617af38ed4cd65b3b96e02bab267e560155c"
  version = "v0.3.4"

[[projects]]
  branch = "master"
  digest = "1:7339759b4869e4b12e0ab4848f0f5edaa3c045b9b1cfe1d22af121605322490c"
  name = "google.golang.org/genproto"
  packages = ["googleapis/rpc/status"]
  pruneopts = "UT"
  revision = "7adebfbe6a3f014cd2a30b5ec8a2fbdf18d7ab84"

[[projects]]
  digest = "1:ad3c8295725e93e6d01828195150f4847d9f1505ff42ee8bfd38625e4c090b8c"
  name = "google.golang.org/grpc"
  packages = [
    ".",
    "attributes",
    "backoff",
    "balancer",
    "balancer/base",
    "balancer/grpclb/state",
    "balancer/roundrobin",
    "binarylog/grpc_binarylog_v1",
    "codes",
    "connectivity",
    "credentials",
    "encoding",
    "encoding/proto",
    "grpclog",
    "internal",
    "internal/backoff",
    "internal/balancerload",
    "internal/binarylog",
    "internal/buffer",
    "internal/channelz",
    "internal/credentials",
    "internal/envconfig",
    "internal/grpclog",
    "internal/grpcrand",
    "internal/grpcsync",
    "internal/grpcutil",
    "internal/resolver/dns",
    "internal/resolver/passthrough",
    "internal/serviceconfig",
    "internal/status",
    "internal/syscall",
    "internal/transport",
    "keepalive",
    "metadata",
    "peer",
    "resolver",
    "serviceconfig",
    "stats",
    "status",
    "tap",
  ]
  pruneopts = "UT"
  revision = "56d63285d528c0d33f9bf8c355139d91edc047de"
  version = "v1.33.2"

[[projects]]
  digest = "1:e922611fea13b410d8a4ae6d1323a58e1e2728b3043b8a7f758ff38a4cd91765"
  name = "google.golang.org/protobuf"
  packages = [
    "encoding/prototext",
    "encoding/protowire",
    "internal/descfmt",
    "internal/descopts",
    "internal/detrand",
    "internal/encoding/defval",
    "internal/encoding/messageset",
    "internal/encoding/tag",
    "internal/encoding/text",
    "internal/errors",
    "internal/fieldsort",
    "internal/filedesc",
    "internal/filetype",
    "internal/flags",
    "internal/genid",
    "internal/impl",
    "internal/mapsort",
    "internal/pragma",
    "internal/set",
    "internal/strs",
    "internal/version",
    "proto",
    "reflect/protoreflect",
    "reflect/protoregistry",
    "runtime/protoiface",
    "runtime/protoimpl",
    "types/known/anypb",
    "types/known/durationpb",
    "types/known/emptypb",
    "types/known/timestamppb",
  ]
  pruneopts = "UT"
  revision = "3f7a61f89bb6813f89d981d1870ed68da0b3c3f1"
  version = "v1.25.0"

[[projects]]
  digest = "1:c864e49942441f23f2b51ba1eacf4d43dedec45b76f06800207b20fc8642ad78"
  name = "gopkg.in/square/go-jose.v2"
  packages = [
    ".",
    "cipher",
    "json",
  ]
  pruneopts = "UT"
  revision = "3a5ee095dcb5030a9de84fb92c222ac652fff176"
  version = "v2.5.1"

[[projects]]
  branch = "v3"
  digest = "1:229cb0f6192914f518cc1241ede6d6f1f458b31debfa18bf3a5c9e4f7b01e24b"
  name = "gopkg.in/yaml.v3"
  packages = ["."]
  pruneopts = "UT"
  revision = "eeeca48fe7764f320e4870d231902bf9c1be2c08"

[solve-meta]
  analyzer-name = "dep"
  analyzer-version = 1
  input-imports = [
    "github.com/hyperledger/fabric-chaincode-go/shim",
    "github.com/hyperledger/fabric-chaincode-go/shimtest",
    "github.com/hyperledger/fabric-protos-go/peer",
    "github.com/sirupsen/logrus",
    "github.com/stretchr/testify/assert",
    "gopkg.in/square/go-jose.v2",
  ]
  solver-name = "gps-cdcl"
  solver-version = 1
